{
  "name": "pi",
  "version": "2.0.0",
  "lockfileVersion": 1,
  "requires": true,
  "dependencies": {
    "pi-digits": {
      "version": "1.0.1",
      "resolved": "https://registry.npmjs.org/pi-digits/-/pi-digits-1.0.1.tgz",
      "integrity": "sha512-t5KJ1Ul3gDfdxv1KJjzYP7ggbVxWTIXxEX6fPc1gPYx09qMf9pkZRimVQTUHFbRxJwUPjnTmM8XMAOJzU7wlDA=="
    }
  }
}
